
Microsoft Visual Studio Solution File, Format Version 12.00
# Visual Studio Version 17
VisualStudioVersion = 17.3.32819.101
MinimumVisualStudioVersion = 10.0.40219.1
Project("{FAE04EC0-301F-11D3-BF4B-00C04F79EFBC}") = "SharpCryptr", "SharpCryptr\SharpCryptr.csproj", "{038633AA-D0F2-44CD-86A4-FFFF5B24BEDC}"
EndProject
Global
	GlobalSection(SolutionConfigurationPlatforms) = preSolution
		Debug|Any CPU = Debug|Any CPU
		Release|Any CPU = Release|Any CPU
	EndGlobalSection
	GlobalSection(ProjectConfigurationPlatforms) = postSolution
		{038633AA-D0F2-44CD-86A4-FFFF5B24BEDC}.Debug|Any CPU.ActiveCfg = Debug|Any CPU
		{038633AA-D0F2-44CD-86A4-FFFF5B24BEDC}.Debug|Any CPU.Build.0 = Debug|Any CPU
		{038633AA-D0F2-44CD-86A4-FFFF5B24BEDC}.Release|Any CPU.ActiveCfg = Release|Any CPU
		{038633AA-D0F2-44CD-86A4-FFFF5B24BEDC}.Release|Any CPU.Build.0 = Release|Any CPU
	EndGlobalSection
	GlobalSection(SolutionProperties) = preSolution
		HideSolutionNode = FALSE
	EndGlobalSection
	GlobalSection(ExtensibilityGlobals) = postSolution
		SolutionGuid = {1F969B6D-73F1-4F89-B3C5-F7E66349D22E}
	EndGlobalSection
EndGlobal
